// !$*UTF8*$!
{
	archiveVersion = 1;
	classes = {
	};
	objectVersion = 56;
	objects = {

/* Begin PBXBuildFile section */
		CB51830E2C8BF2840073F7BB /* LoginView.swift in Sources */ = {isa = PBXBuildFile; fileRef = CB51830D2C8BF2840073F7BB /* LoginView.swift */; };
		CB5183102C8BF2AA0073F7BB /* HomeView.swift in Sources */ = {isa = PBXBuildFile; fileRef = CB51830F2C8BF2AA0073F7BB /* HomeView.swift */; };
		CB5183132C8D40BF0073F7BB /* TestDatabaseReference.swift in Sources */ = {isa = PBXBuildFile; fileRef = CB5183122C8D40BF0073F7BB /* TestDatabaseReference.swift */; };
		CB5183152C9388940073F7BB /* testingchart.swift in Sources */ = {isa = PBXBuildFile; fileRef = CB5183142C9388930073F7BB /* testingchart.swift */; };
		CB5183172C938ABF0073F7BB /* WheelView.swift in Sources */ = {isa = PBXBuildFile; fileRef = CB5183162C938ABF0073F7BB /* WheelView.swift */; };
		CB5183192C938B050073F7BB /* MainView.swift in Sources */ = {isa = PBXBuildFile; fileRef = CB5183182C938B050073F7BB /* MainView.swift */; };
		CB51831B2C938E110073F7BB /* WheelFunctions.swift in Sources */ = {isa = PBXBuildFile; fileRef = CB51831A2C938E110073F7BB /* WheelFunctions.swift */; };
		CB9A54A02C9E155800ECD0A7 /* GoalView.swift in Sources */ = {isa = PBXBuildFile; fileRef = CB9A549F2C9E155800ECD0A7 /* GoalView.swift */; };
		CB9A54A22C9E387A00ECD0A7 /* GoalFunctions.swift in Sources */ = {isa = PBXBuildFile; fileRef = CB9A54A12C9E387A00ECD0A7 /* GoalFunctions.swift */; };
		CB9A54A42CA0F5BC00ECD0A7 /* ChoreSettingsView.swift in Sources */ = {isa = PBXBuildFile; fileRef = CB9A54A32CA0F5BB00ECD0A7 /* ChoreSettingsView.swift */; };
		CB9A54A62CA0F64200ECD0A7 /* ChoreFunctions.swift in Sources */ = {isa = PBXBuildFile; fileRef = CB9A54A52CA0F64200ECD0A7 /* ChoreFunctions.swift */; };
		CBB6604C2CA5CD6D00CA1C72 /* ChoreView.swift in Sources */ = {isa = PBXBuildFile; fileRef = CBB6604B2CA5CD6D00CA1C72 /* ChoreView.swift */; };
		CBD1AE872C7FC39E00DD64DB /* RoomieApp.swift in Sources */ = {isa = PBXBuildFile; fileRef = CBD1AE862C7FC39E00DD64DB /* RoomieApp.swift */; };
		CBD1AE8B2C7FC3A300DD64DB /* Assets.xcassets in Resources */ = {isa = PBXBuildFile; fileRef = CBD1AE8A2C7FC3A300DD64DB /* Assets.xcassets */; };
		CBD1AE8E2C7FC3A300DD64DB /* Preview Assets.xcassets in Resources */ = {isa = PBXBuildFile; fileRef = CBD1AE8D2C7FC3A300DD64DB /* Preview Assets.xcassets */; };
		CBD1AE982C7FC3A300DD64DB /* RoomieTests.swift in Sources */ = {isa = PBXBuildFile; fileRef = CBD1AE972C7FC3A300DD64DB /* RoomieTests.swift */; };
		CBD1AEA22C7FC3A300DD64DB /* RoomieUITests.swift in Sources */ = {isa = PBXBuildFile; fileRef = CBD1AEA12C7FC3A300DD64DB /* RoomieUITests.swift */; };
		CBD1AEA42C7FC3A300DD64DB /* RoomieUITestsLaunchTests.swift in Sources */ = {isa = PBXBuildFile; fileRef = CBD1AEA32C7FC3A300DD64DB /* RoomieUITestsLaunchTests.swift */; };
		CBD1AEB62C7FEC9500DD64DB /* FirebaseAnalytics in Frameworks */ = {isa = PBXBuildFile; productRef = CBD1AEB52C7FEC9500DD64DB /* FirebaseAnalytics */; };
		CBD1AEB82C7FEC9500DD64DB /* FirebaseAnalyticsOnDeviceConversion in Frameworks */ = {isa = PBXBuildFile; productRef = CBD1AEB72C7FEC9500DD64DB /* FirebaseAnalyticsOnDeviceConversion */; };
		CBD1AEBA2C7FEC9500DD64DB /* FirebaseAnalyticsWithoutAdIdSupport in Frameworks */ = {isa = PBXBuildFile; productRef = CBD1AEB92C7FEC9500DD64DB /* FirebaseAnalyticsWithoutAdIdSupport */; };
		CBD1AEBC2C7FEC9500DD64DB /* FirebaseAppCheck in Frameworks */ = {isa = PBXBuildFile; productRef = CBD1AEBB2C7FEC9500DD64DB /* FirebaseAppCheck */; };
		CBD1AEBE2C7FEC9500DD64DB /* FirebaseAppDistribution-Beta in Frameworks */ = {isa = PBXBuildFile; productRef = CBD1AEBD2C7FEC9500DD64DB /* FirebaseAppDistribution-Beta */; };
		CBD1AEC02C7FEC9500DD64DB /* FirebaseAuth in Frameworks */ = {isa = PBXBuildFile; productRef = CBD1AEBF2C7FEC9500DD64DB /* FirebaseAuth */; };
		CBD1AEC22C7FEC9500DD64DB /* FirebaseAuthCombine-Community in Frameworks */ = {isa = PBXBuildFile; productRef = CBD1AEC12C7FEC9500DD64DB /* FirebaseAuthCombine-Community */; };
		CBD1AEC42C7FEC9500DD64DB /* FirebaseCrashlytics in Frameworks */ = {isa = PBXBuildFile; productRef = CBD1AEC32C7FEC9500DD64DB /* FirebaseCrashlytics */; };
		CBD1AEC62C7FEC9500DD64DB /* FirebaseDatabase in Frameworks */ = {isa = PBXBuildFile; productRef = CBD1AEC52C7FEC9500DD64DB /* FirebaseDatabase */; };
		CBD1AEC82C7FEC9500DD64DB /* FirebaseDynamicLinks in Frameworks */ = {isa = PBXBuildFile; productRef = CBD1AEC72C7FEC9500DD64DB /* FirebaseDynamicLinks */; };
		CBD1AECA2C7FEC9500DD64DB /* FirebaseFirestore in Frameworks */ = {isa = PBXBuildFile; productRef = CBD1AEC92C7FEC9500DD64DB /* FirebaseFirestore */; };
		CBD1AECC2C7FEC9500DD64DB /* FirebaseFirestoreCombine-Community in Frameworks */ = {isa = PBXBuildFile; productRef = CBD1AECB2C7FEC9500DD64DB /* FirebaseFirestoreCombine-Community */; };
		CBD1AECE2C7FEC9500DD64DB /* FirebaseFunctions in Frameworks */ = {isa = PBXBuildFile; productRef = CBD1AECD2C7FEC9500DD64DB /* FirebaseFunctions */; };
		CBD1AED02C7FEC9500DD64DB /* FirebaseFunctionsCombine-Community in Frameworks */ = {isa = PBXBuildFile; productRef = CBD1AECF2C7FEC9500DD64DB /* FirebaseFunctionsCombine-Community */; };
		CBD1AED22C7FEC9500DD64DB /* FirebaseInAppMessaging-Beta in Frameworks */ = {isa = PBXBuildFile; productRef = CBD1AED12C7FEC9500DD64DB /* FirebaseInAppMessaging-Beta */; };
		CBD1AED42C7FEC9500DD64DB /* FirebaseInstallations in Frameworks */ = {isa = PBXBuildFile; productRef = CBD1AED32C7FEC9500DD64DB /* FirebaseInstallations */; };
		CBD1AED62C7FEC9500DD64DB /* FirebaseMLModelDownloader in Frameworks */ = {isa = PBXBuildFile; productRef = CBD1AED52C7FEC9500DD64DB /* FirebaseMLModelDownloader */; };
		CBD1AED82C7FEC9500DD64DB /* FirebaseMessaging in Frameworks */ = {isa = PBXBuildFile; productRef = CBD1AED72C7FEC9500DD64DB /* FirebaseMessaging */; };
		CBD1AEDA2C7FEC9500DD64DB /* FirebasePerformance in Frameworks */ = {isa = PBXBuildFile; productRef = CBD1AED92C7FEC9500DD64DB /* FirebasePerformance */; };
		CBD1AEDC2C7FEC9500DD64DB /* FirebaseRemoteConfig in Frameworks */ = {isa = PBXBuildFile; productRef = CBD1AEDB2C7FEC9500DD64DB /* FirebaseRemoteConfig */; };
		CBD1AEDE2C7FEC9500DD64DB /* FirebaseStorage in Frameworks */ = {isa = PBXBuildFile; productRef = CBD1AEDD2C7FEC9500DD64DB /* FirebaseStorage */; };
		CBD1AEE02C7FEC9500DD64DB /* FirebaseStorageCombine-Community in Frameworks */ = {isa = PBXBuildFile; productRef = CBD1AEDF2C7FEC9500DD64DB /* FirebaseStorageCombine-Community */; };
		CBD1AEE22C7FEC9500DD64DB /* FirebaseVertexAI-Preview in Frameworks */ = {isa = PBXBuildFile; productRef = CBD1AEE12C7FEC9500DD64DB /* FirebaseVertexAI-Preview */; };
		CBD1AEE42C7FF1BD00DD64DB /* GoogleService-Info.plist in Resources */ = {isa = PBXBuildFile; fileRef = CBD1AEE32C7FF1BD00DD64DB /* GoogleService-Info.plist */; };
		CBD1AEE52C7FF1BD00DD64DB /* GoogleService-Info.plist in Resources */ = {isa = PBXBuildFile; fileRef = CBD1AEE32C7FF1BD00DD64DB /* GoogleService-Info.plist */; };
		CBD1AEE62C7FF1BD00DD64DB /* GoogleService-Info.plist in Resources */ = {isa = PBXBuildFile; fileRef = CBD1AEE32C7FF1BD00DD64DB /* GoogleService-Info.plist */; };
		CBD1AEE82C8405A300DD64DB /* LogInFunctions.swift in Sources */ = {isa = PBXBuildFile; fileRef = CBD1AEE72C8405A300DD64DB /* LogInFunctions.swift */; };
		CBD76CAB2C88BCEB009ABA26 /* CreatingRoomView.swift in Sources */ = {isa = PBXBuildFile; fileRef = CBD76CAA2C88BCEB009ABA26 /* CreatingRoomView.swift */; };
		CBD76CAD2C88BD77009ABA26 /* ContentView.swift in Sources */ = {isa = PBXBuildFile; fileRef = CBD76CAC2C88BD77009ABA26 /* ContentView.swift */; };
		CBD76CAF2C88BF5B009ABA26 /* JoiningRoomView.swift in Sources */ = {isa = PBXBuildFile; fileRef = CBD76CAE2C88BF5B009ABA26 /* JoiningRoomView.swift */; };
		CBD76CB12C88BFA1009ABA26 /* DisplayCodeView.swift in Sources */ = {isa = PBXBuildFile; fileRef = CBD76CB02C88BFA1009ABA26 /* DisplayCodeView.swift */; };
/* End PBXBuildFile section */

/* Begin PBXContainerItemProxy section */
		CBD1AE942C7FC3A300DD64DB /* PBXContainerItemProxy */ = {
			isa = PBXContainerItemProxy;
			containerPortal = CBD1AE7B2C7FC39E00DD64DB /* Project object */;
			proxyType = 1;
			remoteGlobalIDString = CBD1AE822C7FC39E00DD64DB;
			remoteInfo = Roomie;
		};
		CBD1AE9E2C7FC3A300DD64DB /* PBXContainerItemProxy */ = {
			isa = PBXContainerItemProxy;
			containerPortal = CBD1AE7B2C7FC39E00DD64DB /* Project object */;
			proxyType = 1;
			remoteGlobalIDString = CBD1AE822C7FC39E00DD64DB;
			remoteInfo = Roomie;
		};
/* End PBXContainerItemProxy section */

/* Begin PBXFileReference section */
		CB51830D2C8BF2840073F7BB /* LoginView.swift */ = {isa = PBXFileReference; lastKnownFileType = sourcecode.swift; path = LoginView.swift; sourceTree = "<group>"; };
		CB51830F2C8BF2AA0073F7BB /* HomeView.swift */ = {isa = PBXFileReference; lastKnownFileType = sourcecode.swift; path = HomeView.swift; sourceTree = "<group>"; };
		CB5183122C8D40BF0073F7BB /* TestDatabaseReference.swift */ = {isa = PBXFileReference; lastKnownFileType = sourcecode.swift; path = TestDatabaseReference.swift; sourceTree = "<group>"; };
		CB5183142C9388930073F7BB /* testingchart.swift */ = {isa = PBXFileReference; lastKnownFileType = sourcecode.swift; path = testingchart.swift; sourceTree = "<group>"; };
		CB5183162C938ABF0073F7BB /* WheelView.swift */ = {isa = PBXFileReference; lastKnownFileType = sourcecode.swift; path = WheelView.swift; sourceTree = "<group>"; };
		CB5183182C938B050073F7BB /* MainView.swift */ = {isa = PBXFileReference; lastKnownFileType = sourcecode.swift; path = MainView.swift; sourceTree = "<group>"; };
		CB51831A2C938E110073F7BB /* WheelFunctions.swift */ = {isa = PBXFileReference; lastKnownFileType = sourcecode.swift; path = WheelFunctions.swift; sourceTree = "<group>"; };
		CB9A549F2C9E155800ECD0A7 /* GoalView.swift */ = {isa = PBXFileReference; lastKnownFileType = sourcecode.swift; path = GoalView.swift; sourceTree = "<group>"; };
		CB9A54A12C9E387A00ECD0A7 /* GoalFunctions.swift */ = {isa = PBXFileReference; lastKnownFileType = sourcecode.swift; path = GoalFunctions.swift; sourceTree = "<group>"; };
		CB9A54A32CA0F5BB00ECD0A7 /* ChoreSettingsView.swift */ = {isa = PBXFileReference; lastKnownFileType = sourcecode.swift; path = ChoreSettingsView.swift; sourceTree = "<group>"; };
		CB9A54A52CA0F64200ECD0A7 /* ChoreFunctions.swift */ = {isa = PBXFileReference; lastKnownFileType = sourcecode.swift; path = ChoreFunctions.swift; sourceTree = "<group>"; };
		CBB6604B2CA5CD6D00CA1C72 /* ChoreView.swift */ = {isa = PBXFileReference; lastKnownFileType = sourcecode.swift; path = ChoreView.swift; sourceTree = "<group>"; };
		CBD1AE832C7FC39E00DD64DB /* Roomie.app */ = {isa = PBXFileReference; explicitFileType = wrapper.application; includeInIndex = 0; path = Roomie.app; sourceTree = BUILT_PRODUCTS_DIR; };
		CBD1AE862C7FC39E00DD64DB /* RoomieApp.swift */ = {isa = PBXFileReference; lastKnownFileType = sourcecode.swift; path = RoomieApp.swift; sourceTree = "<group>"; };
		CBD1AE8A2C7FC3A300DD64DB /* Assets.xcassets */ = {isa = PBXFileReference; lastKnownFileType = folder.assetcatalog; path = Assets.xcassets; sourceTree = "<group>"; };
		CBD1AE8D2C7FC3A300DD64DB /* Preview Assets.xcassets */ = {isa = PBXFileReference; lastKnownFileType = folder.assetcatalog; path = "Preview Assets.xcassets"; sourceTree = "<group>"; };
		CBD1AE932C7FC3A300DD64DB /* RoomieTests.xctest */ = {isa = PBXFileReference; explicitFileType = wrapper.cfbundle; includeInIndex = 0; path = RoomieTests.xctest; sourceTree = BUILT_PRODUCTS_DIR; };
		CBD1AE972C7FC3A300DD64DB /* RoomieTests.swift */ = {isa = PBXFileReference; lastKnownFileType = sourcecode.swift; path = RoomieTests.swift; sourceTree = "<group>"; };
		CBD1AE9D2C7FC3A300DD64DB /* RoomieUITests.xctest */ = {isa = PBXFileReference; explicitFileType = wrapper.cfbundle; includeInIndex = 0; path = RoomieUITests.xctest; sourceTree = BUILT_PRODUCTS_DIR; };
		CBD1AEA12C7FC3A300DD64DB /* RoomieUITests.swift */ = {isa = PBXFileReference; lastKnownFileType = sourcecode.swift; path = RoomieUITests.swift; sourceTree = "<group>"; };
		CBD1AEA32C7FC3A300DD64DB /* RoomieUITestsLaunchTests.swift */ = {isa = PBXFileReference; lastKnownFileType = sourcecode.swift; path = RoomieUITestsLaunchTests.swift; sourceTree = "<group>"; };
		CBD1AEE32C7FF1BD00DD64DB /* GoogleService-Info.plist */ = {isa = PBXFileReference; lastKnownFileType = text.plist; path = "GoogleService-Info.plist"; sourceTree = SOURCE_ROOT; };
		CBD1AEE72C8405A300DD64DB /* LogInFunctions.swift */ = {isa = PBXFileReference; lastKnownFileType = sourcecode.swift; path = LogInFunctions.swift; sourceTree = "<group>"; };
		CBD76CAA2C88BCEB009ABA26 /* CreatingRoomView.swift */ = {isa = PBXFileReference; lastKnownFileType = sourcecode.swift; path = CreatingRoomView.swift; sourceTree = "<group>"; };
		CBD76CAC2C88BD77009ABA26 /* ContentView.swift */ = {isa = PBXFileReference; fileEncoding = 4; lastKnownFileType = sourcecode.swift; path = ContentView.swift; sourceTree = "<group>"; };
		CBD76CAE2C88BF5B009ABA26 /* JoiningRoomView.swift */ = {isa = PBXFileReference; lastKnownFileType = sourcecode.swift; path = JoiningRoomView.swift; sourceTree = "<group>"; };
		CBD76CB02C88BFA1009ABA26 /* DisplayCodeView.swift */ = {isa = PBXFileReference; lastKnownFileType = sourcecode.swift; path = DisplayCodeView.swift; sourceTree = "<group>"; };
/* End PBXFileReference section */

/* Begin PBXFrameworksBuildPhase section */
		CBD1AE802C7FC39E00DD64DB /* Frameworks */ = {
			isa = PBXFrameworksBuildPhase;
			buildActionMask = 2147483647;
			files = (
				CBD1AEE02C7FEC9500DD64DB /* FirebaseStorageCombine-Community in Frameworks */,
				CBD1AED82C7FEC9500DD64DB /* FirebaseMessaging in Frameworks */,
				CBD1AED62C7FEC9500DD64DB /* FirebaseMLModelDownloader in Frameworks */,
				CBD1AEBC2C7FEC9500DD64DB /* FirebaseAppCheck in Frameworks */,
				CBD1AEC02C7FEC9500DD64DB /* FirebaseAuth in Frameworks */,
				CBD1AEB62C7FEC9500DD64DB /* FirebaseAnalytics in Frameworks */,
				CBD1AEBE2C7FEC9500DD64DB /* FirebaseAppDistribution-Beta in Frameworks */,
				CBD1AEBA2C7FEC9500DD64DB /* FirebaseAnalyticsWithoutAdIdSupport in Frameworks */,
				CBD1AEC42C7FEC9500DD64DB /* FirebaseCrashlytics in Frameworks */,
				CBD1AEC62C7FEC9500DD64DB /* FirebaseDatabase in Frameworks */,
				CBD1AED02C7FEC9500DD64DB /* FirebaseFunctionsCombine-Community in Frameworks */,
				CBD1AEC22C7FEC9500DD64DB /* FirebaseAuthCombine-Community in Frameworks */,
				CBD1AEDE2C7FEC9500DD64DB /* FirebaseStorage in Frameworks */,
				CBD1AEB82C7FEC9500DD64DB /* FirebaseAnalyticsOnDeviceConversion in Frameworks */,
				CBD1AECE2C7FEC9500DD64DB /* FirebaseFunctions in Frameworks */,
				CBD1AED42C7FEC9500DD64DB /* FirebaseInstallations in Frameworks */,
				CBD1AEDA2C7FEC9500DD64DB /* FirebasePerformance in Frameworks */,
				CBD1AECC2C7FEC9500DD64DB /* FirebaseFirestoreCombine-Community in Frameworks */,
				CBD1AECA2C7FEC9500DD64DB /* FirebaseFirestore in Frameworks */,
				CBD1AEC82C7FEC9500DD64DB /* FirebaseDynamicLinks in Frameworks */,
				CBD1AED22C7FEC9500DD64DB /* FirebaseInAppMessaging-Beta in Frameworks */,
				CBD1AEE22C7FEC9500DD64DB /* FirebaseVertexAI-Preview in Frameworks */,
				CBD1AEDC2C7FEC9500DD64DB /* FirebaseRemoteConfig in Frameworks */,
			);
			runOnlyForDeploymentPostprocessing = 0;
		};
		CBD1AE902C7FC3A300DD64DB /* Frameworks */ = {
			isa = PBXFrameworksBuildPhase;
			buildActionMask = 2147483647;
			files = (
			);
			runOnlyForDeploymentPostprocessing = 0;
		};
		CBD1AE9A2C7FC3A300DD64DB /* Frameworks */ = {
			isa = PBXFrameworksBuildPhase;
			buildActionMask = 2147483647;
			files = (
			);
			runOnlyForDeploymentPostprocessing = 0;
		};
/* End PBXFrameworksBuildPhase section */

/* Begin PBXGroup section */
		CB5183112C8BF2EF0073F7BB /* Views */ = {
			isa = PBXGroup;
			children = (
				CBD76CAA2C88BCEB009ABA26 /* CreatingRoomView.swift */,
				CB9A54A12C9E387A00ECD0A7 /* GoalFunctions.swift */,
				CB51831A2C938E110073F7BB /* WheelFunctions.swift */,
				CBD76CAC2C88BD77009ABA26 /* ContentView.swift */,
				CB51830F2C8BF2AA0073F7BB /* HomeView.swift */,
				CB5183182C938B050073F7BB /* MainView.swift */,
				CB9A54A32CA0F5BB00ECD0A7 /* ChoreSettingsView.swift */,
				CB9A54A52CA0F64200ECD0A7 /* ChoreFunctions.swift */,
				CB9A549F2C9E155800ECD0A7 /* GoalView.swift */,
				CB5183162C938ABF0073F7BB /* WheelView.swift */,
				CB51830D2C8BF2840073F7BB /* LoginView.swift */,
				CBD76CB02C88BFA1009ABA26 /* DisplayCodeView.swift */,
				CBB6604B2CA5CD6D00CA1C72 /* ChoreView.swift */,
				CBD76CAE2C88BF5B009ABA26 /* JoiningRoomView.swift */,
			);
			path = Views;
			sourceTree = "<group>";
		};
		CBD1AE7A2C7FC39E00DD64DB = {
			isa = PBXGroup;
			children = (
				CB5183142C9388930073F7BB /* testingchart.swift */,
				CBD1AE852C7FC39E00DD64DB /* Roomie */,
				CBD1AE962C7FC3A300DD64DB /* RoomieTests */,
				CBD1AEA02C7FC3A300DD64DB /* RoomieUITests */,
				CBD1AE842C7FC39E00DD64DB /* Products */,
			);
			sourceTree = "<group>";
		};
		CBD1AE842C7FC39E00DD64DB /* Products */ = {
			isa = PBXGroup;
			children = (
				CBD1AE832C7FC39E00DD64DB /* Roomie.app */,
				CBD1AE932C7FC3A300DD64DB /* RoomieTests.xctest */,
				CBD1AE9D2C7FC3A300DD64DB /* RoomieUITests.xctest */,
			);
			name = Products;
			sourceTree = "<group>";
		};
		CBD1AE852C7FC39E00DD64DB /* Roomie */ = {
			isa = PBXGroup;
			children = (
				CBD1AEE32C7FF1BD00DD64DB /* GoogleService-Info.plist */,
				CBD1AE862C7FC39E00DD64DB /* RoomieApp.swift */,
				CB5183112C8BF2EF0073F7BB /* Views */,
				CBD1AEE72C8405A300DD64DB /* LogInFunctions.swift */,
				CBD1AE8A2C7FC3A300DD64DB /* Assets.xcassets */,
				CBD1AE8C2C7FC3A300DD64DB /* Preview Content */,
				CB5183122C8D40BF0073F7BB /* TestDatabaseReference.swift */,
			);
			path = Roomie;
			sourceTree = "<group>";
		};
		CBD1AE8C2C7FC3A300DD64DB /* Preview Content */ = {
			isa = PBXGroup;
			children = (
				CBD1AE8D2C7FC3A300DD64DB /* Preview Assets.xcassets */,
			);
			path = "Preview Content";
			sourceTree = "<group>";
		};
		CBD1AE962C7FC3A300DD64DB /* RoomieTests */ = {
			isa = PBXGroup;
			children = (
				CBD1AE972C7FC3A300DD64DB /* RoomieTests.swift */,
			);
			path = RoomieTests;
			sourceTree = "<group>";
		};
		CBD1AEA02C7FC3A300DD64DB /* RoomieUITests */ = {
			isa = PBXGroup;
			children = (
				CBD1AEA12C7FC3A300DD64DB /* RoomieUITests.swift */,
				CBD1AEA32C7FC3A300DD64DB /* RoomieUITestsLaunchTests.swift */,
			);
			path = RoomieUITests;
			sourceTree = "<group>";
		};
/* End PBXGroup section */

/* Begin PBXNativeTarget section */
		CBD1AE822C7FC39E00DD64DB /* Roomie */ = {
			isa = PBXNativeTarget;
			buildConfigurationList = CBD1AEA72C7FC3A300DD64DB /* Build configuration list for PBXNativeTarget "Roomie" */;
			buildPhases = (
				CBD1AE7F2C7FC39E00DD64DB /* Sources */,
				CBD1AE802C7FC39E00DD64DB /* Frameworks */,
				CBD1AE812C7FC39E00DD64DB /* Resources */,
			);
			buildRules = (
			);
			dependencies = (
			);
			name = Roomie;
			packageProductDependencies = (
				CBD1AEB52C7FEC9500DD64DB /* FirebaseAnalytics */,
				CBD1AEB72C7FEC9500DD64DB /* FirebaseAnalyticsOnDeviceConversion */,
				CBD1AEB92C7FEC9500DD64DB /* FirebaseAnalyticsWithoutAdIdSupport */,
				CBD1AEBB2C7FEC9500DD64DB /* FirebaseAppCheck */,
				CBD1AEBD2C7FEC9500DD64DB /* FirebaseAppDistribution-Beta */,
				CBD1AEBF2C7FEC9500DD64DB /* FirebaseAuth */,
				CBD1AEC12C7FEC9500DD64DB /* FirebaseAuthCombine-Community */,
				CBD1AEC32C7FEC9500DD64DB /* FirebaseCrashlytics */,
				CBD1AEC52C7FEC9500DD64DB /* FirebaseDatabase */,
				CBD1AEC72C7FEC9500DD64DB /* FirebaseDynamicLinks */,
				CBD1AEC92C7FEC9500DD64DB /* FirebaseFirestore */,
				CBD1AECB2C7FEC9500DD64DB /* FirebaseFirestoreCombine-Community */,
				CBD1AECD2C7FEC9500DD64DB /* FirebaseFunctions */,
				CBD1AECF2C7FEC9500DD64DB /* FirebaseFunctionsCombine-Community */,
				CBD1AED12C7FEC9500DD64DB /* FirebaseInAppMessaging-Beta */,
				CBD1AED32C7FEC9500DD64DB /* FirebaseInstallations */,
				CBD1AED52C7FEC9500DD64DB /* FirebaseMLModelDownloader */,
				CBD1AED72C7FEC9500DD64DB /* FirebaseMessaging */,
				CBD1AED92C7FEC9500DD64DB /* FirebasePerformance */,
				CBD1AEDB2C7FEC9500DD64DB /* FirebaseRemoteConfig */,
				CBD1AEDD2C7FEC9500DD64DB /* FirebaseStorage */,
				CBD1AEDF2C7FEC9500DD64DB /* FirebaseStorageCombine-Community */,
				CBD1AEE12C7FEC9500DD64DB /* FirebaseVertexAI-Preview */,
			);
			productName = Roomie;
			productReference = CBD1AE832C7FC39E00DD64DB /* Roomie.app */;
			productType = "com.apple.product-type.application";
		};
		CBD1AE922C7FC3A300DD64DB /* RoomieTests */ = {
			isa = PBXNativeTarget;
			buildConfigurationList = CBD1AEAA2C7FC3A300DD64DB /* Build configuration list for PBXNativeTarget "RoomieTests" */;
			buildPhases = (
				CBD1AE8F2C7FC3A300DD64DB /* Sources */,
				CBD1AE902C7FC3A300DD64DB /* Frameworks */,
				CBD1AE912C7FC3A300DD64DB /* Resources */,
			);
			buildRules = (
			);
			dependencies = (
				CBD1AE952C7FC3A300DD64DB /* PBXTargetDependency */,
			);
			name = RoomieTests;
			productName = RoomieTests;
			productReference = CBD1AE932C7FC3A300DD64DB /* RoomieTests.xctest */;
			productType = "com.apple.product-type.bundle.unit-test";
		};
		CBD1AE9C2C7FC3A300DD64DB /* RoomieUITests */ = {
			isa = PBXNativeTarget;
			buildConfigurationList = CBD1AEAD2C7FC3A300DD64DB /* Build configuration list for PBXNativeTarget "RoomieUITests" */;
			buildPhases = (
				CBD1AE992C7FC3A300DD64DB /* Sources */,
				CBD1AE9A2C7FC3A300DD64DB /* Frameworks */,
				CBD1AE9B2C7FC3A300DD64DB /* Resources */,
			);
			buildRules = (
			);
			dependencies = (
				CBD1AE9F2C7FC3A300DD64DB /* PBXTargetDependency */,
			);
			name = RoomieUITests;
			productName = RoomieUITests;
			productReference = CBD1AE9D2C7FC3A300DD64DB /* RoomieUITests.xctest */;
			productType = "com.apple.product-type.bundle.ui-testing";
		};
/* End PBXNativeTarget section */

/* Begin PBXProject section */
		CBD1AE7B2C7FC39E00DD64DB /* Project object */ = {
			isa = PBXProject;
			attributes = {
				BuildIndependentTargetsInParallel = 1;
				LastSwiftUpdateCheck = 1520;
				LastUpgradeCheck = 1520;
				TargetAttributes = {
					CBD1AE822C7FC39E00DD64DB = {
						CreatedOnToolsVersion = 15.2;
					};
					CBD1AE922C7FC3A300DD64DB = {
						CreatedOnToolsVersion = 15.2;
						TestTargetID = CBD1AE822C7FC39E00DD64DB;
					};
					CBD1AE9C2C7FC3A300DD64DB = {
						CreatedOnToolsVersion = 15.2;
						TestTargetID = CBD1AE822C7FC39E00DD64DB;
					};
				};
			};
			buildConfigurationList = CBD1AE7E2C7FC39E00DD64DB /* Build configuration list for PBXProject "Roomie" */;
			compatibilityVersion = "Xcode 14.0";
			developmentRegion = en;
			hasScannedForEncodings = 0;
			knownRegions = (
				en,
				Base,
			);
			mainGroup = CBD1AE7A2C7FC39E00DD64DB;
			packageReferences = (
				CBD1AEB42C7FEC9500DD64DB /* XCRemoteSwiftPackageReference "firebase-ios-sdk" */,
			);
			productRefGroup = CBD1AE842C7FC39E00DD64DB /* Products */;
			projectDirPath = "";
			projectRoot = "";
			targets = (
				CBD1AE822C7FC39E00DD64DB /* Roomie */,
				CBD1AE922C7FC3A300DD64DB /* RoomieTests */,
				CBD1AE9C2C7FC3A300DD64DB /* RoomieUITests */,
			);
		};
/* End PBXProject section */

/* Begin PBXResourcesBuildPhase section */
		CBD1AE812C7FC39E00DD64DB /* Resources */ = {
			isa = PBXResourcesBuildPhase;
			buildActionMask = 2147483647;
			files = (
				CBD1AE8E2C7FC3A300DD64DB /* Preview Assets.xcassets in Resources */,
				CBD1AE8B2C7FC3A300DD64DB /* Assets.xcassets in Resources */,
				CBD1AEE42C7FF1BD00DD64DB /* GoogleService-Info.plist in Resources */,
			);
			runOnlyForDeploymentPostprocessing = 0;
		};
		CBD1AE912C7FC3A300DD64DB /* Resources */ = {
			isa = PBXResourcesBuildPhase;
			buildActionMask = 2147483647;
			files = (
				CBD1AEE52C7FF1BD00DD64DB /* GoogleService-Info.plist in Resources */,
			);
			runOnlyForDeploymentPostprocessing = 0;
		};
		CBD1AE9B2C7FC3A300DD64DB /* Resources */ = {
			isa = PBXResourcesBuildPhase;
			buildActionMask = 2147483647;
			files = (
				CBD1AEE62C7FF1BD00DD64DB /* GoogleService-Info.plist in Resources */,
			);
			runOnlyForDeploymentPostprocessing = 0;
		};
/* End PBXResourcesBuildPhase section */

/* Begin PBXSourcesBuildPhase section */
		CBD1AE7F2C7FC39E00DD64DB /* Sources */ = {
			isa = PBXSourcesBuildPhase;
			buildActionMask = 2147483647;
			files = (
				CB9A54A42CA0F5BC00ECD0A7 /* ChoreSettingsView.swift in Sources */,
				CB9A54A22C9E387A00ECD0A7 /* GoalFunctions.swift in Sources */,
				CB51831B2C938E110073F7BB /* WheelFunctions.swift in Sources */,
				CB5183172C938ABF0073F7BB /* WheelView.swift in Sources */,
				CB5183192C938B050073F7BB /* MainView.swift in Sources */,
				CBD76CAF2C88BF5B009ABA26 /* JoiningRoomView.swift in Sources */,
				CB51830E2C8BF2840073F7BB /* LoginView.swift in Sources */,
				CB9A54A62CA0F64200ECD0A7 /* ChoreFunctions.swift in Sources */,
				CB9A54A02C9E155800ECD0A7 /* GoalView.swift in Sources */,
				CBD1AE872C7FC39E00DD64DB /* RoomieApp.swift in Sources */,
				CBD76CB12C88BFA1009ABA26 /* DisplayCodeView.swift in Sources */,
				CBD76CAB2C88BCEB009ABA26 /* CreatingRoomView.swift in Sources */,
				CBB6604C2CA5CD6D00CA1C72 /* ChoreView.swift in Sources */,
				CB5183102C8BF2AA0073F7BB /* HomeView.swift in Sources */,
				CBD76CAD2C88BD77009ABA26 /* ContentView.swift in Sources */,
				CBD1AEE82C8405A300DD64DB /* LogInFunctions.swift in Sources */,
				CB5183132C8D40BF0073F7BB /* TestDatabaseReference.swift in Sources */,
				CB5183152C9388940073F7BB /* testingchart.swift in Sources */,
			);
			runOnlyForDeploymentPostprocessing = 0;
		};
		CBD1AE8F2C7FC3A300DD64DB /* Sources */ = {
			isa = PBXSourcesBuildPhase;
			buildActionMask = 2147483647;
			files = (
				CBD1AE982C7FC3A300DD64DB /* RoomieTests.swift in Sources */,
			);
			runOnlyForDeploymentPostprocessing = 0;
		};
		CBD1AE992C7FC3A300DD64DB /* Sources */ = {
			isa = PBXSourcesBuildPhase;
			buildActionMask = 2147483647;
			files = (
				CBD1AEA22C7FC3A300DD64DB /* RoomieUITests.swift in Sources */,
				CBD1AEA42C7FC3A300DD64DB /* RoomieUITestsLaunchTests.swift in Sources */,
			);
			runOnlyForDeploymentPostprocessing = 0;
		};
/* End PBXSourcesBuildPhase section */

/* Begin PBXTargetDependency section */
		CBD1AE952C7FC3A300DD64DB /* PBXTargetDependency */ = {
			isa = PBXTargetDependency;
			target = CBD1AE822C7FC39E00DD64DB /* Roomie */;
			targetProxy = CBD1AE942C7FC3A300DD64DB /* PBXContainerItemProxy */;
		};
		CBD1AE9F2C7FC3A300DD64DB /* PBXTargetDependency */ = {
			isa = PBXTargetDependency;
			target = CBD1AE822C7FC39E00DD64DB /* Roomie */;
			targetProxy = CBD1AE9E2C7FC3A300DD64DB /* PBXContainerItemProxy */;
		};
/* End PBXTargetDependency section */

/* Begin XCBuildConfiguration section */
		CBD1AEA52C7FC3A300DD64DB /* Debug */ = {
			isa = XCBuildConfiguration;
			buildSettings = {
				ALWAYS_SEARCH_USER_PATHS = NO;
				ASSETCATALOG_COMPILER_GENERATE_SWIFT_ASSET_SYMBOL_EXTENSIONS = YES;
				CLANG_ANALYZER_NONNULL = YES;
				CLANG_ANALYZER_NUMBER_OBJECT_CONVERSION = YES_AGGRESSIVE;
				CLANG_CXX_LANGUAGE_STANDARD = "gnu++20";
				CLANG_ENABLE_MODULES = YES;
				CLANG_ENABLE_OBJC_ARC = YES;
				CLANG_ENABLE_OBJC_WEAK = YES;
				CLANG_WARN_BLOCK_CAPTURE_AUTORELEASING = YES;
				CLANG_WARN_BOOL_CONVERSION = YES;
				CLANG_WARN_COMMA = YES;
				CLANG_WARN_CONSTANT_CONVERSION = YES;
				CLANG_WARN_DEPRECATED_OBJC_IMPLEMENTATIONS = YES;
				CLANG_WARN_DIRECT_OBJC_ISA_USAGE = YES_ERROR;
				CLANG_WARN_DOCUMENTATION_COMMENTS = YES;
				CLANG_WARN_EMPTY_BODY = YES;
				CLANG_WARN_ENUM_CONVERSION = YES;
				CLANG_WARN_INFINITE_RECURSION = YES;
				CLANG_WARN_INT_CONVERSION = YES;
				CLANG_WARN_NON_LITERAL_NULL_CONVERSION = YES;
				CLANG_WARN_OBJC_IMPLICIT_RETAIN_SELF = YES;
				CLANG_WARN_OBJC_LITERAL_CONVERSION = YES;
				CLANG_WARN_OBJC_ROOT_CLASS = YES_ERROR;
				CLANG_WARN_QUOTED_INCLUDE_IN_FRAMEWORK_HEADER = YES;
				CLANG_WARN_RANGE_LOOP_ANALYSIS = YES;
				CLANG_WARN_STRICT_PROTOTYPES = YES;
				CLANG_WARN_SUSPICIOUS_MOVE = YES;
				CLANG_WARN_UNGUARDED_AVAILABILITY = YES_AGGRESSIVE;
				CLANG_WARN_UNREACHABLE_CODE = YES;
				CLANG_WARN__DUPLICATE_METHOD_MATCH = YES;
				COPY_PHASE_STRIP = NO;
				DEBUG_INFORMATION_FORMAT = dwarf;
				ENABLE_STRICT_OBJC_MSGSEND = YES;
				ENABLE_TESTABILITY = YES;
				ENABLE_USER_SCRIPT_SANDBOXING = YES;
				GCC_C_LANGUAGE_STANDARD = gnu17;
				GCC_DYNAMIC_NO_PIC = NO;
				GCC_NO_COMMON_BLOCKS = YES;
				GCC_OPTIMIZATION_LEVEL = 0;
				GCC_PREPROCESSOR_DEFINITIONS = (
					"DEBUG=1",
					"$(inherited)",
				);
				GCC_WARN_64_TO_32_BIT_CONVERSION = YES;
				GCC_WARN_ABOUT_RETURN_TYPE = YES_ERROR;
				GCC_WARN_UNDECLARED_SELECTOR = YES;
				GCC_WARN_UNINITIALIZED_AUTOS = YES_AGGRESSIVE;
				GCC_WARN_UNUSED_FUNCTION = YES;
				GCC_WARN_UNUSED_VARIABLE = YES;
				IPHONEOS_DEPLOYMENT_TARGET = 17.2;
				LOCALIZATION_PREFERS_STRING_CATALOGS = YES;
				MTL_ENABLE_DEBUG_INFO = INCLUDE_SOURCE;
				MTL_FAST_MATH = YES;
				ONLY_ACTIVE_ARCH = YES;
				SDKROOT = iphoneos;
				SWIFT_ACTIVE_COMPILATION_CONDITIONS = "DEBUG $(inherited)";
				SWIFT_OPTIMIZATION_LEVEL = "-Onone";
			};
			name = Debug;
		};
		CBD1AEA62C7FC3A300DD64DB /* Release */ = {
			isa = XCBuildConfiguration;
			buildSettings = {
				ALWAYS_SEARCH_USER_PATHS = NO;
				ASSETCATALOG_COMPILER_GENERATE_SWIFT_ASSET_SYMBOL_EXTENSIONS = YES;
				CLANG_ANALYZER_NONNULL = YES;
				CLANG_ANALYZER_NUMBER_OBJECT_CONVERSION = YES_AGGRESSIVE;
				CLANG_CXX_LANGUAGE_STANDARD = "gnu++20";
				CLANG_ENABLE_MODULES = YES;
				CLANG_ENABLE_OBJC_ARC = YES;
				CLANG_ENABLE_OBJC_WEAK = YES;
				CLANG_WARN_BLOCK_CAPTURE_AUTORELEASING = YES;
				CLANG_WARN_BOOL_CONVERSION = YES;
				CLANG_WARN_COMMA = YES;
				CLANG_WARN_CONSTANT_CONVERSION = YES;
				CLANG_WARN_DEPRECATED_OBJC_IMPLEMENTATIONS = YES;
				CLANG_WARN_DIRECT_OBJC_ISA_USAGE = YES_ERROR;
				CLANG_WARN_DOCUMENTATION_COMMENTS = YES;
				CLANG_WARN_EMPTY_BODY = YES;
				CLANG_WARN_ENUM_CONVERSION = YES;
				CLANG_WARN_INFINITE_RECURSION = YES;
				CLANG_WARN_INT_CONVERSION = YES;
				CLANG_WARN_NON_LITERAL_NULL_CONVERSION = YES;
				CLANG_WARN_OBJC_IMPLICIT_RETAIN_SELF = YES;
				CLANG_WARN_OBJC_LITERAL_CONVERSION = YES;
				CLANG_WARN_OBJC_ROOT_CLASS = YES_ERROR;
				CLANG_WARN_QUOTED_INCLUDE_IN_FRAMEWORK_HEADER = YES;
				CLANG_WARN_RANGE_LOOP_ANALYSIS = YES;
				CLANG_WARN_STRICT_PROTOTYPES = YES;
				CLANG_WARN_SUSPICIOUS_MOVE = YES;
				CLANG_WARN_UNGUARDED_AVAILABILITY = YES_AGGRESSIVE;
				CLANG_WARN_UNREACHABLE_CODE = YES;
				CLANG_WARN__DUPLICATE_METHOD_MATCH = YES;
				COPY_PHASE_STRIP = NO;
				DEBUG_INFORMATION_FORMAT = "dwarf-with-dsym";
				ENABLE_NS_ASSERTIONS = NO;
				ENABLE_STRICT_OBJC_MSGSEND = YES;
				ENABLE_USER_SCRIPT_SANDBOXING = YES;
				GCC_C_LANGUAGE_STANDARD = gnu17;
				GCC_NO_COMMON_BLOCKS = YES;
				GCC_WARN_64_TO_32_BIT_CONVERSION = YES;
				GCC_WARN_ABOUT_RETURN_TYPE = YES_ERROR;
				GCC_WARN_UNDECLARED_SELECTOR = YES;
				GCC_WARN_UNINITIALIZED_AUTOS = YES_AGGRESSIVE;
				GCC_WARN_UNUSED_FUNCTION = YES;
				GCC_WARN_UNUSED_VARIABLE = YES;
				IPHONEOS_DEPLOYMENT_TARGET = 17.2;
				LOCALIZATION_PREFERS_STRING_CATALOGS = YES;
				MTL_ENABLE_DEBUG_INFO = NO;
				MTL_FAST_MATH = YES;
				SDKROOT = iphoneos;
				SWIFT_COMPILATION_MODE = wholemodule;
				VALIDATE_PRODUCT = YES;
			};
			name = Release;
		};
		CBD1AEA82C7FC3A300DD64DB /* Debug */ = {
			isa = XCBuildConfiguration;
			buildSettings = {
				ASSETCATALOG_COMPILER_APPICON_NAME = AppIcon;
				ASSETCATALOG_COMPILER_GLOBAL_ACCENT_COLOR_NAME = AccentColor;
				CODE_SIGN_STYLE = Automatic;
				CURRENT_PROJECT_VERSION = 1;
				DEVELOPMENT_ASSET_PATHS = "\"Roomie/Preview Content\"";
				DEVELOPMENT_TEAM = 5DMJ833VPP;
				ENABLE_PREVIEWS = YES;
				GENERATE_INFOPLIST_FILE = YES;
				INFOPLIST_KEY_UIApplicationSceneManifest_Generation = YES;
				INFOPLIST_KEY_UIApplicationSupportsIndirectInputEvents = YES;
				INFOPLIST_KEY_UILaunchScreen_Generation = YES;
				INFOPLIST_KEY_UISupportedInterfaceOrientations_iPad = "UIInterfaceOrientationPortrait UIInterfaceOrientationPortraitUpsideDown UIInterfaceOrientationLandscapeLeft UIInterfaceOrientationLandscapeRight";
				INFOPLIST_KEY_UISupportedInterfaceOrientations_iPhone = "UIInterfaceOrientationPortrait UIInterfaceOrientationLandscapeLeft UIInterfaceOrientationLandscapeRight";
				LD_RUNPATH_SEARCH_PATHS = (
					"$(inherited)",
					"@executable_path/Frameworks",
				);
				MARKETING_VERSION = 1.0;
				PRODUCT_BUNDLE_IDENTIFIER = duckduckgoose.Roomie;
				PRODUCT_NAME = "$(TARGET_NAME)";
				SWIFT_EMIT_LOC_STRINGS = YES;
				SWIFT_VERSION = 5.0;
				TARGETED_DEVICE_FAMILY = "1,2";
			};
			name = Debug;
		};
		CBD1AEA92C7FC3A300DD64DB /* Release */ = {
			isa = XCBuildConfiguration;
			buildSettings = {
				ASSETCATALOG_COMPILER_APPICON_NAME = AppIcon;
				ASSETCATALOG_COMPILER_GLOBAL_ACCENT_COLOR_NAME = AccentColor;
				CODE_SIGN_STYLE = Automatic;
				CURRENT_PROJECT_VERSION = 1;
				DEVELOPMENT_ASSET_PATHS = "\"Roomie/Preview Content\"";
				DEVELOPMENT_TEAM = 5DMJ833VPP;
				ENABLE_PREVIEWS = YES;
				GENERATE_INFOPLIST_FILE = YES;
				INFOPLIST_KEY_UIApplicationSceneManifest_Generation = YES;
				INFOPLIST_KEY_UIApplicationSupportsIndirectInputEvents = YES;
				INFOPLIST_KEY_UILaunchScreen_Generation = YES;
				INFOPLIST_KEY_UISupportedInterfaceOrientations_iPad = "UIInterfaceOrientationPortrait UIInterfaceOrientationPortraitUpsideDown UIInterfaceOrientationLandscapeLeft UIInterfaceOrientationLandscapeRight";
				INFOPLIST_KEY_UISupportedInterfaceOrientations_iPhone = "UIInterfaceOrientationPortrait UIInterfaceOrientationLandscapeLeft UIInterfaceOrientationLandscapeRight";
				LD_RUNPATH_SEARCH_PATHS = (
					"$(inherited)",
					"@executable_path/Frameworks",
				);
				MARKETING_VERSION = 1.0;
				PRODUCT_BUNDLE_IDENTIFIER = duckduckgoose.Roomie;
				PRODUCT_NAME = "$(TARGET_NAME)";
				SWIFT_EMIT_LOC_STRINGS = YES;
				SWIFT_VERSION = 5.0;
				TARGETED_DEVICE_FAMILY = "1,2";
			};
			name = Release;
		};
		CBD1AEAB2C7FC3A300DD64DB /* Debug */ = {
			isa = XCBuildConfiguration;
			buildSettings = {
				ALWAYS_EMBED_SWIFT_STANDARD_LIBRARIES = YES;
				BUNDLE_LOADER = "$(TEST_HOST)";
				CODE_SIGN_STYLE = Automatic;
				CURRENT_PROJECT_VERSION = 1;
				DEVELOPMENT_TEAM = 5DMJ833VPP;
				GENERATE_INFOPLIST_FILE = YES;
				IPHONEOS_DEPLOYMENT_TARGET = 17.2;
				MARKETING_VERSION = 1.0;
				PRODUCT_BUNDLE_IDENTIFIER = duckduckgoose.RoomieTests;
				PRODUCT_NAME = "$(TARGET_NAME)";
				SWIFT_EMIT_LOC_STRINGS = NO;
				SWIFT_VERSION = 5.0;
				TARGETED_DEVICE_FAMILY = "1,2";
				TEST_HOST = "$(BUILT_PRODUCTS_DIR)/Roomie.app/$(BUNDLE_EXECUTABLE_FOLDER_PATH)/Roomie";
			};
			name = Debug;
		};
		CBD1AEAC2C7FC3A300DD64DB /* Release */ = {
			isa = XCBuildConfiguration;
			buildSettings = {
				ALWAYS_EMBED_SWIFT_STANDARD_LIBRARIES = YES;
				BUNDLE_LOADER = "$(TEST_HOST)";
				CODE_SIGN_STYLE = Automatic;
				CURRENT_PROJECT_VERSION = 1;
				DEVELOPMENT_TEAM = 5DMJ833VPP;
				GENERATE_INFOPLIST_FILE = YES;
				IPHONEOS_DEPLOYMENT_TARGET = 17.2;
				MARKETING_VERSION = 1.0;
				PRODUCT_BUNDLE_IDENTIFIER = duckduckgoose.RoomieTests;
				PRODUCT_NAME = "$(TARGET_NAME)";
				SWIFT_EMIT_LOC_STRINGS = NO;
				SWIFT_VERSION = 5.0;
				TARGETED_DEVICE_FAMILY = "1,2";
				TEST_HOST = "$(BUILT_PRODUCTS_DIR)/Roomie.app/$(BUNDLE_EXECUTABLE_FOLDER_PATH)/Roomie";
			};
			name = Release;
		};
		CBD1AEAE2C7FC3A300DD64DB /* Debug */ = {
			isa = XCBuildConfiguration;
			buildSettings = {
				ALWAYS_EMBED_SWIFT_STANDARD_LIBRARIES = YES;
				CODE_SIGN_STYLE = Automatic;
				CURRENT_PROJECT_VERSION = 1;
				DEVELOPMENT_TEAM = 5DMJ833VPP;
				GENERATE_INFOPLIST_FILE = YES;
				MARKETING_VERSION = 1.0;
				PRODUCT_BUNDLE_IDENTIFIER = duckduckgoose.RoomieUITests;
				PRODUCT_NAME = "$(TARGET_NAME)";
				SWIFT_EMIT_LOC_STRINGS = NO;
				SWIFT_VERSION = 5.0;
				TARGETED_DEVICE_FAMILY = "1,2";
				TEST_TARGET_NAME = Roomie;
			};
			name = Debug;
		};
		CBD1AEAF2C7FC3A300DD64DB /* Release */ = {
			isa = XCBuildConfiguration;
			buildSettings = {
				ALWAYS_EMBED_SWIFT_STANDARD_LIBRARIES = YES;
				CODE_SIGN_STYLE = Automatic;
				CURRENT_PROJECT_VERSION = 1;
				DEVELOPMENT_TEAM = 5DMJ833VPP;
				GENERATE_INFOPLIST_FILE = YES;
				MARKETING_VERSION = 1.0;
				PRODUCT_BUNDLE_IDENTIFIER = duckduckgoose.RoomieUITests;
				PRODUCT_NAME = "$(TARGET_NAME)";
				SWIFT_EMIT_LOC_STRINGS = NO;
				SWIFT_VERSION = 5.0;
				TARGETED_DEVICE_FAMILY = "1,2";
				TEST_TARGET_NAME = Roomie;
			};
			name = Release;
		};
/* End XCBuildConfiguration section */

/* Begin XCConfigurationList section */
		CBD1AE7E2C7FC39E00DD64DB /* Build configuration list for PBXProject "Roomie" */ = {
			isa = XCConfigurationList;
			buildConfigurations = (
				CBD1AEA52C7FC3A300DD64DB /* Debug */,
				CBD1AEA62C7FC3A300DD64DB /* Release */,
			);
			defaultConfigurationIsVisible = 0;
			defaultConfigurationName = Release;
		};
		CBD1AEA72C7FC3A300DD64DB /* Build configuration list for PBXNativeTarget "Roomie" */ = {
			isa = XCConfigurationList;
			buildConfigurations = (
				CBD1AEA82C7FC3A300DD64DB /* Debug */,
				CBD1AEA92C7FC3A300DD64DB /* Release */,
			);
			defaultConfigurationIsVisible = 0;
			defaultConfigurationName = Release;
		};
		CBD1AEAA2C7FC3A300DD64DB /* Build configuration list for PBXNativeTarget "RoomieTests" */ = {
			isa = XCConfigurationList;
			buildConfigurations = (
				CBD1AEAB2C7FC3A300DD64DB /* Debug */,
				CBD1AEAC2C7FC3A300DD64DB /* Release */,
			);
			defaultConfigurationIsVisible = 0;
			defaultConfigurationName = Release;
		};
		CBD1AEAD2C7FC3A300DD64DB /* Build configuration list for PBXNativeTarget "RoomieUITests" */ = {
			isa = XCConfigurationList;
			buildConfigurations = (
				CBD1AEAE2C7FC3A300DD64DB /* Debug */,
				CBD1AEAF2C7FC3A300DD64DB /* Release */,
			);
			defaultConfigurationIsVisible = 0;
			defaultConfigurationName = Release;
		};
/* End XCConfigurationList section */

/* Begin XCRemoteSwiftPackageReference section */
		CBD1AEB42C7FEC9500DD64DB /* XCRemoteSwiftPackageReference "firebase-ios-sdk" */ = {
			isa = XCRemoteSwiftPackageReference;
			repositoryURL = "https://github.com/firebase/firebase-ios-sdk";
			requirement = {
				kind = upToNextMajorVersion;
				minimumVersion = 11.1.0;
			};
		};
/* End XCRemoteSwiftPackageReference section */

/* Begin XCSwiftPackageProductDependency section */
		CBD1AEB52C7FEC9500DD64DB /* FirebaseAnalytics */ = {
			isa = XCSwiftPackageProductDependency;
			package = CBD1AEB42C7FEC9500DD64DB /* XCRemoteSwiftPackageReference "firebase-ios-sdk" */;
			productName = FirebaseAnalytics;
		};
		CBD1AEB72C7FEC9500DD64DB /* FirebaseAnalyticsOnDeviceConversion */ = {
			isa = XCSwiftPackageProductDependency;
			package = CBD1AEB42C7FEC9500DD64DB /* XCRemoteSwiftPackageReference "firebase-ios-sdk" */;
			productName = FirebaseAnalyticsOnDeviceConversion;
		};
		CBD1AEB92C7FEC9500DD64DB /* FirebaseAnalyticsWithoutAdIdSupport */ = {
			isa = XCSwiftPackageProductDependency;
			package = CBD1AEB42C7FEC9500DD64DB /* XCRemoteSwiftPackageReference "firebase-ios-sdk" */;
			productName = FirebaseAnalyticsWithoutAdIdSupport;
		};
		CBD1AEBB2C7FEC9500DD64DB /* FirebaseAppCheck */ = {
			isa = XCSwiftPackageProductDependency;
			package = CBD1AEB42C7FEC9500DD64DB /* XCRemoteSwiftPackageReference "firebase-ios-sdk" */;
			productName = FirebaseAppCheck;
		};
		CBD1AEBD2C7FEC9500DD64DB /* FirebaseAppDistribution-Beta */ = {
			isa = XCSwiftPackageProductDependency;
			package = CBD1AEB42C7FEC9500DD64DB /* XCRemoteSwiftPackageReference "firebase-ios-sdk" */;
			productName = "FirebaseAppDistribution-Beta";
		};
		CBD1AEBF2C7FEC9500DD64DB /* FirebaseAuth */ = {
			isa = XCSwiftPackageProductDependency;
			package = CBD1AEB42C7FEC9500DD64DB /* XCRemoteSwiftPackageReference "firebase-ios-sdk" */;
			productName = FirebaseAuth;
		};
		CBD1AEC12C7FEC9500DD64DB /* FirebaseAuthCombine-Community */ = {
			isa = XCSwiftPackageProductDependency;
			package = CBD1AEB42C7FEC9500DD64DB /* XCRemoteSwiftPackageReference "firebase-ios-sdk" */;
			productName = "FirebaseAuthCombine-Community";
		};
		CBD1AEC32C7FEC9500DD64DB /* FirebaseCrashlytics */ = {
			isa = XCSwiftPackageProductDependency;
			package = CBD1AEB42C7FEC9500DD64DB /* XCRemoteSwiftPackageReference "firebase-ios-sdk" */;
			productName = FirebaseCrashlytics;
		};
		CBD1AEC52C7FEC9500DD64DB /* FirebaseDatabase */ = {
			isa = XCSwiftPackageProductDependency;
			package = CBD1AEB42C7FEC9500DD64DB /* XCRemoteSwiftPackageReference "firebase-ios-sdk" */;
			productName = FirebaseDatabase;
		};
		CBD1AEC72C7FEC9500DD64DB /* FirebaseDynamicLinks */ = {
			isa = XCSwiftPackageProductDependency;
			package = CBD1AEB42C7FEC9500DD64DB /* XCRemoteSwiftPackageReference "firebase-ios-sdk" */;
			productName = FirebaseDynamicLinks;
		};
		CBD1AEC92C7FEC9500DD64DB /* FirebaseFirestore */ = {
			isa = XCSwiftPackageProductDependency;
			package = CBD1AEB42C7FEC9500DD64DB /* XCRemoteSwiftPackageReference "firebase-ios-sdk" */;
			productName = FirebaseFirestore;
		};
		CBD1AECB2C7FEC9500DD64DB /* FirebaseFirestoreCombine-Community */ = {
			isa = XCSwiftPackageProductDependency;
			package = CBD1AEB42C7FEC9500DD64DB /* XCRemoteSwiftPackageReference "firebase-ios-sdk" */;
			productName = "FirebaseFirestoreCombine-Community";
		};
		CBD1AECD2C7FEC9500DD64DB /* FirebaseFunctions */ = {
			isa = XCSwiftPackageProductDependency;
			package = CBD1AEB42C7FEC9500DD64DB /* XCRemoteSwiftPackageReference "firebase-ios-sdk" */;
			productName = FirebaseFunctions;
		};
		CBD1AECF2C7FEC9500DD64DB /* FirebaseFunctionsCombine-Community */ = {
			isa = XCSwiftPackageProductDependency;
			package = CBD1AEB42C7FEC9500DD64DB /* XCRemoteSwiftPackageReference "firebase-ios-sdk" */;
			productName = "FirebaseFunctionsCombine-Community";
		};
		CBD1AED12C7FEC9500DD64DB /* FirebaseInAppMessaging-Beta */ = {
			isa = XCSwiftPackageProductDependency;
			package = CBD1AEB42C7FEC9500DD64DB /* XCRemoteSwiftPackageReference "firebase-ios-sdk" */;
			productName = "FirebaseInAppMessaging-Beta";
		};
		CBD1AED32C7FEC9500DD64DB /* FirebaseInstallations */ = {
			isa = XCSwiftPackageProductDependency;
			package = CBD1AEB42C7FEC9500DD64DB /* XCRemoteSwiftPackageReference "firebase-ios-sdk" */;
			productName = FirebaseInstallations;
		};
		CBD1AED52C7FEC9500DD64DB /* FirebaseMLModelDownloader */ = {
			isa = XCSwiftPackageProductDependency;
			package = CBD1AEB42C7FEC9500DD64DB /* XCRemoteSwiftPackageReference "firebase-ios-sdk" */;
			productName = FirebaseMLModelDownloader;
		};
		CBD1AED72C7FEC9500DD64DB /* FirebaseMessaging */ = {
			isa = XCSwiftPackageProductDependency;
			package = CBD1AEB42C7FEC9500DD64DB /* XCRemoteSwiftPackageReference "firebase-ios-sdk" */;
			productName = FirebaseMessaging;
		};
		CBD1AED92C7FEC9500DD64DB /* FirebasePerformance */ = {
			isa = XCSwiftPackageProductDependency;
			package = CBD1AEB42C7FEC9500DD64DB /* XCRemoteSwiftPackageReference "firebase-ios-sdk" */;
			productName = FirebasePerformance;
		};
		CBD1AEDB2C7FEC9500DD64DB /* FirebaseRemoteConfig */ = {
			isa = XCSwiftPackageProductDependency;
			package = CBD1AEB42C7FEC9500DD64DB /* XCRemoteSwiftPackageReference "firebase-ios-sdk" */;
			productName = FirebaseRemoteConfig;
		};
		CBD1AEDD2C7FEC9500DD64DB /* FirebaseStorage */ = {
			isa = XCSwiftPackageProductDependency;
			package = CBD1AEB42C7FEC9500DD64DB /* XCRemoteSwiftPackageReference "firebase-ios-sdk" */;
			productName = FirebaseStorage;
		};
		CBD1AEDF2C7FEC9500DD64DB /* FirebaseStorageCombine-Community */ = {
			isa = XCSwiftPackageProductDependency;
			package = CBD1AEB42C7FEC9500DD64DB /* XCRemoteSwiftPackageReference "firebase-ios-sdk" */;
			productName = "FirebaseStorageCombine-Community";
		};
		CBD1AEE12C7FEC9500DD64DB /* FirebaseVertexAI-Preview */ = {
			isa = XCSwiftPackageProductDependency;
			package = CBD1AEB42C7FEC9500DD64DB /* XCRemoteSwiftPackageReference "firebase-ios-sdk" */;
			productName = "FirebaseVertexAI-Preview";
		};
/* End XCSwiftPackageProductDependency section */
	};
	rootObject = CBD1AE7B2C7FC39E00DD64DB /* Project object */;
}
